// !$*UTF8*$!
{
	archiveVersion = 1;
	classes = {
	};
	objectVersion = 56;
	objects = {

/* Begin PBXBuildFile section */
		D21DC1B72BA6243B00527EB7 /* CauseMateApp.swift in Sources */ = {isa = PBXBuildFile; fileRef = D21DC1B62BA6243B00527EB7 /* CauseMateApp.swift */; };
		D21DC1B92BA6243C00527EB7 /* ContentView.swift in Sources */ = {isa = PBXBuildFile; fileRef = D21DC1B82BA6243C00527EB7 /* ContentView.swift */; };
		D21DC1BB2BA6244100527EB7 /* Assets.xcassets in Resources */ = {isa = PBXBuildFile; fileRef = D21DC1BA2BA6244100527EB7 /* Assets.xcassets */; };
		D21DC1BE2BA6244100527EB7 /* Preview Assets.xcassets in Resources */ = {isa = PBXBuildFile; fileRef = D21DC1BD2BA6244100527EB7 /* Preview Assets.xcassets */; };
		D21DC1C52BA6248200527EB7 /* GoogleService-Info.plist in Resources */ = {isa = PBXBuildFile; fileRef = D21DC1C42BA6248200527EB7 /* GoogleService-Info.plist */; };
		D21DC1C92BA6260C00527EB7 /* FirebaseAnalytics in Frameworks */ = {isa = PBXBuildFile; productRef = D21DC1C82BA6260C00527EB7 /* FirebaseAnalytics */; };
		D21DC1CB2BA6260C00527EB7 /* FirebaseAnalyticsOnDeviceConversion in Frameworks */ = {isa = PBXBuildFile; productRef = D21DC1CA2BA6260C00527EB7 /* FirebaseAnalyticsOnDeviceConversion */; };
		D21DC1CD2BA6260C00527EB7 /* FirebaseAnalyticsSwift in Frameworks */ = {isa = PBXBuildFile; productRef = D21DC1CC2BA6260C00527EB7 /* FirebaseAnalyticsSwift */; };
		D21DC1CF2BA6260C00527EB7 /* FirebaseAnalyticsWithoutAdIdSupport in Frameworks */ = {isa = PBXBuildFile; productRef = D21DC1CE2BA6260C00527EB7 /* FirebaseAnalyticsWithoutAdIdSupport */; };
		D21DC1D12BA6260C00527EB7 /* FirebaseAppCheck in Frameworks */ = {isa = PBXBuildFile; productRef = D21DC1D02BA6260C00527EB7 /* FirebaseAppCheck */; };
		D21DC1D32BA6260C00527EB7 /* FirebaseAppDistribution-Beta in Frameworks */ = {isa = PBXBuildFile; productRef = D21DC1D22BA6260C00527EB7 /* FirebaseAppDistribution-Beta */; };
		D21DC1D52BA6260C00527EB7 /* FirebaseAuth in Frameworks */ = {isa = PBXBuildFile; productRef = D21DC1D42BA6260C00527EB7 /* FirebaseAuth */; };
		D21DC1D72BA6260C00527EB7 /* FirebaseAuthCombine-Community in Frameworks */ = {isa = PBXBuildFile; productRef = D21DC1D62BA6260C00527EB7 /* FirebaseAuthCombine-Community */; };
		D21DC1D92BA6260C00527EB7 /* FirebaseCrashlytics in Frameworks */ = {isa = PBXBuildFile; productRef = D21DC1D82BA6260C00527EB7 /* FirebaseCrashlytics */; };
		D21DC1DB2BA6260C00527EB7 /* FirebaseDatabase in Frameworks */ = {isa = PBXBuildFile; productRef = D21DC1DA2BA6260C00527EB7 /* FirebaseDatabase */; };
		D21DC1DD2BA6260C00527EB7 /* FirebaseDatabaseSwift in Frameworks */ = {isa = PBXBuildFile; productRef = D21DC1DC2BA6260C00527EB7 /* FirebaseDatabaseSwift */; };
		D21DC1DF2BA6260C00527EB7 /* FirebaseDynamicLinks in Frameworks */ = {isa = PBXBuildFile; productRef = D21DC1DE2BA6260C00527EB7 /* FirebaseDynamicLinks */; };
		D21DC1E12BA6260D00527EB7 /* FirebaseFirestore in Frameworks */ = {isa = PBXBuildFile; productRef = D21DC1E02BA6260D00527EB7 /* FirebaseFirestore */; };
		D21DC1E32BA6260D00527EB7 /* FirebaseFirestoreCombine-Community in Frameworks */ = {isa = PBXBuildFile; productRef = D21DC1E22BA6260D00527EB7 /* FirebaseFirestoreCombine-Community */; };
		D21DC1E52BA6260D00527EB7 /* FirebaseFirestoreSwift in Frameworks */ = {isa = PBXBuildFile; productRef = D21DC1E42BA6260D00527EB7 /* FirebaseFirestoreSwift */; };
		D21DC1E72BA6260D00527EB7 /* FirebaseFunctions in Frameworks */ = {isa = PBXBuildFile; productRef = D21DC1E62BA6260D00527EB7 /* FirebaseFunctions */; };
		D21DC1E92BA6260D00527EB7 /* FirebaseFunctionsCombine-Community in Frameworks */ = {isa = PBXBuildFile; productRef = D21DC1E82BA6260D00527EB7 /* FirebaseFunctionsCombine-Community */; };
		D21DC1EB2BA6260D00527EB7 /* FirebaseInAppMessaging-Beta in Frameworks */ = {isa = PBXBuildFile; productRef = D21DC1EA2BA6260D00527EB7 /* FirebaseInAppMessaging-Beta */; };
		D21DC1ED2BA6260D00527EB7 /* FirebaseInAppMessagingSwift-Beta in Frameworks */ = {isa = PBXBuildFile; productRef = D21DC1EC2BA6260D00527EB7 /* FirebaseInAppMessagingSwift-Beta */; };
		D21DC1EF2BA6260D00527EB7 /* FirebaseInstallations in Frameworks */ = {isa = PBXBuildFile; productRef = D21DC1EE2BA6260D00527EB7 /* FirebaseInstallations */; };
		D21DC1F12BA6260D00527EB7 /* FirebaseMessaging in Frameworks */ = {isa = PBXBuildFile; productRef = D21DC1F02BA6260D00527EB7 /* FirebaseMessaging */; };
		D21DC1F32BA6260D00527EB7 /* FirebaseMLModelDownloader in Frameworks */ = {isa = PBXBuildFile; productRef = D21DC1F22BA6260D00527EB7 /* FirebaseMLModelDownloader */; };
		D21DC1F52BA6260D00527EB7 /* FirebasePerformance in Frameworks */ = {isa = PBXBuildFile; productRef = D21DC1F42BA6260D00527EB7 /* FirebasePerformance */; };
		D21DC1F72BA6260D00527EB7 /* FirebaseRemoteConfig in Frameworks */ = {isa = PBXBuildFile; productRef = D21DC1F62BA6260D00527EB7 /* FirebaseRemoteConfig */; };
		D21DC1F92BA6260D00527EB7 /* FirebaseRemoteConfigSwift in Frameworks */ = {isa = PBXBuildFile; productRef = D21DC1F82BA6260D00527EB7 /* FirebaseRemoteConfigSwift */; };
		D21DC1FB2BA6260D00527EB7 /* FirebaseStorage in Frameworks */ = {isa = PBXBuildFile; productRef = D21DC1FA2BA6260D00527EB7 /* FirebaseStorage */; };
		D21DC1FD2BA6260D00527EB7 /* FirebaseStorageCombine-Community in Frameworks */ = {isa = PBXBuildFile; productRef = D21DC1FC2BA6260D00527EB7 /* FirebaseStorageCombine-Community */; };
/* End PBXBuildFile section */

/* Begin PBXFileReference section */
		D21DC1B32BA6243B00527EB7 /* CauseMate.app */ = {isa = PBXFileReference; explicitFileType = wrapper.application; includeInIndex = 0; path = CauseMate.app; sourceTree = BUILT_PRODUCTS_DIR; };
		D21DC1B62BA6243B00527EB7 /* CauseMateApp.swift */ = {isa = PBXFileReference; lastKnownFileType = sourcecode.swift; path = CauseMateApp.swift; sourceTree = "<group>"; };
		D21DC1B82BA6243C00527EB7 /* ContentView.swift */ = {isa = PBXFileReference; lastKnownFileType = sourcecode.swift; path = ContentView.swift; sourceTree = "<group>"; };
		D21DC1BA2BA6244100527EB7 /* Assets.xcassets */ = {isa = PBXFileReference; lastKnownFileType = folder.assetcatalog; path = Assets.xcassets; sourceTree = "<group>"; };
		D21DC1BD2BA6244100527EB7 /* Preview Assets.xcassets */ = {isa = PBXFileReference; lastKnownFileType = folder.assetcatalog; path = "Preview Assets.xcassets"; sourceTree = "<group>"; };
		D21DC1C42BA6248200527EB7 /* GoogleService-Info.plist */ = {isa = PBXFileReference; fileEncoding = 4; lastKnownFileType = text.plist.xml; path = "GoogleService-Info.plist"; sourceTree = "<group>"; };
/* End PBXFileReference section */

/* Begin PBXFrameworksBuildPhase section */
		D21DC1B02BA6243B00527EB7 /* Frameworks */ = {
			isa = PBXFrameworksBuildPhase;
			buildActionMask = 2147483647;
			files = (
				D21DC1DB2BA6260C00527EB7 /* FirebaseDatabase in Frameworks */,
				D21DC1E92BA6260D00527EB7 /* FirebaseFunctionsCombine-Community in Frameworks */,
				D21DC1E12BA6260D00527EB7 /* FirebaseFirestore in Frameworks */,
				D21DC1CD2BA6260C00527EB7 /* FirebaseAnalyticsSwift in Frameworks */,
				D21DC1C92BA6260C00527EB7 /* FirebaseAnalytics in Frameworks */,
				D21DC1CB2BA6260C00527EB7 /* FirebaseAnalyticsOnDeviceConversion in Frameworks */,
				D21DC1E52BA6260D00527EB7 /* FirebaseFirestoreSwift in Frameworks */,
				D21DC1F32BA6260D00527EB7 /* FirebaseMLModelDownloader in Frameworks */,
				D21DC1D12BA6260C00527EB7 /* FirebaseAppCheck in Frameworks */,
				D21DC1CF2BA6260C00527EB7 /* FirebaseAnalyticsWithoutAdIdSupport in Frameworks */,
				D21DC1F12BA6260D00527EB7 /* FirebaseMessaging in Frameworks */,
				D21DC1D52BA6260C00527EB7 /* FirebaseAuth in Frameworks */,
				D21DC1F92BA6260D00527EB7 /* FirebaseRemoteConfigSwift in Frameworks */,
				D21DC1D92BA6260C00527EB7 /* FirebaseCrashlytics in Frameworks */,
				D21DC1EB2BA6260D00527EB7 /* FirebaseInAppMessaging-Beta in Frameworks */,
				D21DC1DD2BA6260C00527EB7 /* FirebaseDatabaseSwift in Frameworks */,
				D21DC1FD2BA6260D00527EB7 /* FirebaseStorageCombine-Community in Frameworks */,
				D21DC1F72BA6260D00527EB7 /* FirebaseRemoteConfig in Frameworks */,
				D21DC1E72BA6260D00527EB7 /* FirebaseFunctions in Frameworks */,
				D21DC1D32BA6260C00527EB7 /* FirebaseAppDistribution-Beta in Frameworks */,
				D21DC1F52BA6260D00527EB7 /* FirebasePerformance in Frameworks */,
				D21DC1D72BA6260C00527EB7 /* FirebaseAuthCombine-Community in Frameworks */,
				D21DC1FB2BA6260D00527EB7 /* FirebaseStorage in Frameworks */,
				D21DC1ED2BA6260D00527EB7 /* FirebaseInAppMessagingSwift-Beta in Frameworks */,
				D21DC1DF2BA6260C00527EB7 /* FirebaseDynamicLinks in Frameworks */,
				D21DC1E32BA6260D00527EB7 /* FirebaseFirestoreCombine-Community in Frameworks */,
				D21DC1EF2BA6260D00527EB7 /* FirebaseInstallations in Frameworks */,
			);
			runOnlyForDeploymentPostprocessing = 0;
		};
/* End PBXFrameworksBuildPhase section */

/* Begin PBXGroup section */
		D21DC1AA2BA6243B00527EB7 = {
			isa = PBXGroup;
			children = (
				D21DC1B52BA6243B00527EB7 /* CauseMate */,
				D21DC1B42BA6243B00527EB7 /* Products */,
				D21DC1C72BA6260C00527EB7 /* Frameworks */,
			);
			sourceTree = "<group>";
		};
		D21DC1B42BA6243B00527EB7 /* Products */ = {
			isa = PBXGroup;
			children = (
				D21DC1B32BA6243B00527EB7 /* CauseMate.app */,
			);
			name = Products;
			sourceTree = "<group>";
		};
		D21DC1B52BA6243B00527EB7 /* CauseMate */ = {
			isa = PBXGroup;
			children = (
				D21DC1B62BA6243B00527EB7 /* CauseMateApp.swift */,
				D21DC1B82BA6243C00527EB7 /* ContentView.swift */,
				D21DC1C42BA6248200527EB7 /* GoogleService-Info.plist */,
				D21DC1BA2BA6244100527EB7 /* Assets.xcassets */,
				D21DC1BC2BA6244100527EB7 /* Preview Content */,
			);
			path = CauseMate;
			sourceTree = "<group>";
		};
		D21DC1BC2BA6244100527EB7 /* Preview Content */ = {
			isa = PBXGroup;
			children = (
				D21DC1BD2BA6244100527EB7 /* Preview Assets.xcassets */,
			);
			path = "Preview Content";
			sourceTree = "<group>";
		};
		D21DC1C72BA6260C00527EB7 /* Frameworks */ = {
			isa = PBXGroup;
			children = (
			);
			name = Frameworks;
			sourceTree = "<group>";
		};
/* End PBXGroup section */

/* Begin PBXNativeTarget section */
		D21DC1B22BA6243B00527EB7 /* CauseMate */ = {
			isa = PBXNativeTarget;
			buildConfigurationList = D21DC1C12BA6244100527EB7 /* Build configuration list for PBXNativeTarget "CauseMate" */;
			buildPhases = (
				D21DC1AF2BA6243B00527EB7 /* Sources */,
				D21DC1B02BA6243B00527EB7 /* Frameworks */,
				D21DC1B12BA6243B00527EB7 /* Resources */,
			);
			buildRules = (
			);
			dependencies = (
			);
			name = CauseMate;
			packageProductDependencies = (
				D21DC1C82BA6260C00527EB7 /* FirebaseAnalytics */,
				D21DC1CA2BA6260C00527EB7 /* FirebaseAnalyticsOnDeviceConversion */,
				D21DC1CC2BA6260C00527EB7 /* FirebaseAnalyticsSwift */,
				D21DC1CE2BA6260C00527EB7 /* FirebaseAnalyticsWithoutAdIdSupport */,
				D21DC1D02BA6260C00527EB7 /* FirebaseAppCheck */,
				D21DC1D22BA6260C00527EB7 /* FirebaseAppDistribution-Beta */,
				D21DC1D42BA6260C00527EB7 /* FirebaseAuth */,
				D21DC1D62BA6260C00527EB7 /* FirebaseAuthCombine-Community */,
				D21DC1D82BA6260C00527EB7 /* FirebaseCrashlytics */,
				D21DC1DA2BA6260C00527EB7 /* FirebaseDatabase */,
				D21DC1DC2BA6260C00527EB7 /* FirebaseDatabaseSwift */,
				D21DC1DE2BA6260C00527EB7 /* FirebaseDynamicLinks */,
				D21DC1E02BA6260D00527EB7 /* FirebaseFirestore */,
				D21DC1E22BA6260D00527EB7 /* FirebaseFirestoreCombine-Community */,
				D21DC1E42BA6260D00527EB7 /* FirebaseFirestoreSwift */,
				D21DC1E62BA6260D00527EB7 /* FirebaseFunctions */,
				D21DC1E82BA6260D00527EB7 /* FirebaseFunctionsCombine-Community */,
				D21DC1EA2BA6260D00527EB7 /* FirebaseInAppMessaging-Beta */,
				D21DC1EC2BA6260D00527EB7 /* FirebaseInAppMessagingSwift-Beta */,
				D21DC1EE2BA6260D00527EB7 /* FirebaseInstallations */,
				D21DC1F02BA6260D00527EB7 /* FirebaseMessaging */,
				D21DC1F22BA6260D00527EB7 /* FirebaseMLModelDownloader */,
				D21DC1F42BA6260D00527EB7 /* FirebasePerformance */,
				D21DC1F62BA6260D00527EB7 /* FirebaseRemoteConfig */,
				D21DC1F82BA6260D00527EB7 /* FirebaseRemoteConfigSwift */,
				D21DC1FA2BA6260D00527EB7 /* FirebaseStorage */,
				D21DC1FC2BA6260D00527EB7 /* FirebaseStorageCombine-Community */,
			);
			productName = CauseMate;
			productReference = D21DC1B32BA6243B00527EB7 /* CauseMate.app */;
			productType = "com.apple.product-type.application";
		};
/* End PBXNativeTarget section */

/* Begin PBXProject section */
		D21DC1AB2BA6243B00527EB7 /* Project object */ = {
			isa = PBXProject;
			attributes = {
				BuildIndependentTargetsInParallel = 1;
				LastSwiftUpdateCheck = 1530;
				LastUpgradeCheck = 1530;
				TargetAttributes = {
					D21DC1B22BA6243B00527EB7 = {
						CreatedOnToolsVersion = 15.3;
					};
				};
			};
			buildConfigurationList = D21DC1AE2BA6243B00527EB7 /* Build configuration list for PBXProject "CauseMate" */;
			compatibilityVersion = "Xcode 14.0";
			developmentRegion = en;
			hasScannedForEncodings = 0;
			knownRegions = (
				en,
				Base,
			);
			mainGroup = D21DC1AA2BA6243B00527EB7;
			packageReferences = (
				D21DC1C62BA625E300527EB7 /* XCRemoteSwiftPackageReference "firebase-ios-sdk" */,
			);
			productRefGroup = D21DC1B42BA6243B00527EB7 /* Products */;
			projectDirPath = "";
			projectRoot = "";
			targets = (
				D21DC1B22BA6243B00527EB7 /* CauseMate */,
			);
		};
/* End PBXProject section */

/* Begin PBXResourcesBuildPhase section */
		D21DC1B12BA6243B00527EB7 /* Resources */ = {
			isa = PBXResourcesBuildPhase;
			buildActionMask = 2147483647;
			files = (
				D21DC1BE2BA6244100527EB7 /* Preview Assets.xcassets in Resources */,
				D21DC1BB2BA6244100527EB7 /* Assets.xcassets in Resources */,
				D21DC1C52BA6248200527EB7 /* GoogleService-Info.plist in Resources */,
			);
			runOnlyForDeploymentPostprocessing = 0;
		};
/* End PBXResourcesBuildPhase section */

/* Begin PBXSourcesBuildPhase section */
		D21DC1AF2BA6243B00527EB7 /* Sources */ = {
			isa = PBXSourcesBuildPhase;
			buildActionMask = 2147483647;
			files = (
				D21DC1B92BA6243C00527EB7 /* ContentView.swift in Sources */,
				D21DC1B72BA6243B00527EB7 /* CauseMateApp.swift in Sources */,
			);
			runOnlyForDeploymentPostprocessing = 0;
		};
/* End PBXSourcesBuildPhase section */

/* Begin XCBuildConfiguration section */
		D21DC1BF2BA6244100527EB7 /* Debug */ = {
			isa = XCBuildConfiguration;
			buildSettings = {
				ALWAYS_SEARCH_USER_PATHS = NO;
				ASSETCATALOG_COMPILER_GENERATE_SWIFT_ASSET_SYMBOL_EXTENSIONS = YES;
				CLANG_ANALYZER_NONNULL = YES;
				CLANG_ANALYZER_NUMBER_OBJECT_CONVERSION = YES_AGGRESSIVE;
				CLANG_CXX_LANGUAGE_STANDARD = "gnu++20";
				CLANG_ENABLE_MODULES = YES;
				CLANG_ENABLE_OBJC_ARC = YES;
				CLANG_ENABLE_OBJC_WEAK = YES;
				CLANG_WARN_BLOCK_CAPTURE_AUTORELEASING = YES;
				CLANG_WARN_BOOL_CONVERSION = YES;
				CLANG_WARN_COMMA = YES;
				CLANG_WARN_CONSTANT_CONVERSION = YES;
				CLANG_WARN_DEPRECATED_OBJC_IMPLEMENTATIONS = YES;
				CLANG_WARN_DIRECT_OBJC_ISA_USAGE = YES_ERROR;
				CLANG_WARN_DOCUMENTATION_COMMENTS = YES;
				CLANG_WARN_EMPTY_BODY = YES;
				CLANG_WARN_ENUM_CONVERSION = YES;
				CLANG_WARN_INFINITE_RECURSION = YES;
				CLANG_WARN_INT_CONVERSION = YES;
				CLANG_WARN_NON_LITERAL_NULL_CONVERSION = YES;
				CLANG_WARN_OBJC_IMPLICIT_RETAIN_SELF = YES;
				CLANG_WARN_OBJC_LITERAL_CONVERSION = YES;
				CLANG_WARN_OBJC_ROOT_CLASS = YES_ERROR;
				CLANG_WARN_QUOTED_INCLUDE_IN_FRAMEWORK_HEADER = YES;
				CLANG_WARN_RANGE_LOOP_ANALYSIS = YES;
				CLANG_WARN_STRICT_PROTOTYPES = YES;
				CLANG_WARN_SUSPICIOUS_MOVE = YES;
				CLANG_WARN_UNGUARDED_AVAILABILITY = YES_AGGRESSIVE;
				CLANG_WARN_UNREACHABLE_CODE = YES;
				CLANG_WARN__DUPLICATE_METHOD_MATCH = YES;
				COPY_PHASE_STRIP = NO;
				DEBUG_INFORMATION_FORMAT = dwarf;
				ENABLE_STRICT_OBJC_MSGSEND = YES;
				ENABLE_TESTABILITY = YES;
				ENABLE_USER_SCRIPT_SANDBOXING = YES;
				GCC_C_LANGUAGE_STANDARD = gnu17;
				GCC_DYNAMIC_NO_PIC = NO;
				GCC_NO_COMMON_BLOCKS = YES;
				GCC_OPTIMIZATION_LEVEL = 0;
				GCC_PREPROCESSOR_DEFINITIONS = (
					"DEBUG=1",
					"$(inherited)",
				);
				GCC_WARN_64_TO_32_BIT_CONVERSION = YES;
				GCC_WARN_ABOUT_RETURN_TYPE = YES_ERROR;
				GCC_WARN_UNDECLARED_SELECTOR = YES;
				GCC_WARN_UNINITIALIZED_AUTOS = YES_AGGRESSIVE;
				GCC_WARN_UNUSED_FUNCTION = YES;
				GCC_WARN_UNUSED_VARIABLE = YES;
				IPHONEOS_DEPLOYMENT_TARGET = 17.4;
				LOCALIZATION_PREFERS_STRING_CATALOGS = YES;
				MTL_ENABLE_DEBUG_INFO = INCLUDE_SOURCE;
				MTL_FAST_MATH = YES;
				ONLY_ACTIVE_ARCH = YES;
				SDKROOT = iphoneos;
				SWIFT_ACTIVE_COMPILATION_CONDITIONS = "DEBUG $(inherited)";
				SWIFT_OPTIMIZATION_LEVEL = "-Onone";
			};
			name = Debug;
		};
		D21DC1C02BA6244100527EB7 /* Release */ = {
			isa = XCBuildConfiguration;
			buildSettings = {
				ALWAYS_SEARCH_USER_PATHS = NO;
				ASSETCATALOG_COMPILER_GENERATE_SWIFT_ASSET_SYMBOL_EXTENSIONS = YES;
				CLANG_ANALYZER_NONNULL = YES;
				CLANG_ANALYZER_NUMBER_OBJECT_CONVERSION = YES_AGGRESSIVE;
				CLANG_CXX_LANGUAGE_STANDARD = "gnu++20";
				CLANG_ENABLE_MODULES = YES;
				CLANG_ENABLE_OBJC_ARC = YES;
				CLANG_ENABLE_OBJC_WEAK = YES;
				CLANG_WARN_BLOCK_CAPTURE_AUTORELEASING = YES;
				CLANG_WARN_BOOL_CONVERSION = YES;
				CLANG_WARN_COMMA = YES;
				CLANG_WARN_CONSTANT_CONVERSION = YES;
				CLANG_WARN_DEPRECATED_OBJC_IMPLEMENTATIONS = YES;
				CLANG_WARN_DIRECT_OBJC_ISA_USAGE = YES_ERROR;
				CLANG_WARN_DOCUMENTATION_COMMENTS = YES;
				CLANG_WARN_EMPTY_BODY = YES;
				CLANG_WARN_ENUM_CONVERSION = YES;
				CLANG_WARN_INFINITE_RECURSION = YES;
				CLANG_WARN_INT_CONVERSION = YES;
				CLANG_WARN_NON_LITERAL_NULL_CONVERSION = YES;
				CLANG_WARN_OBJC_IMPLICIT_RETAIN_SELF = YES;
				CLANG_WARN_OBJC_LITERAL_CONVERSION = YES;
				CLANG_WARN_OBJC_ROOT_CLASS = YES_ERROR;
				CLANG_WARN_QUOTED_INCLUDE_IN_FRAMEWORK_HEADER = YES;
				CLANG_WARN_RANGE_LOOP_ANALYSIS = YES;
				CLANG_WARN_STRICT_PROTOTYPES = YES;
				CLANG_WARN_SUSPICIOUS_MOVE = YES;
				CLANG_WARN_UNGUARDED_AVAILABILITY = YES_AGGRESSIVE;
				CLANG_WARN_UNREACHABLE_CODE = YES;
				CLANG_WARN__DUPLICATE_METHOD_MATCH = YES;
				COPY_PHASE_STRIP = NO;
				DEBUG_INFORMATION_FORMAT = "dwarf-with-dsym";
				ENABLE_NS_ASSERTIONS = NO;
				ENABLE_STRICT_OBJC_MSGSEND = YES;
				ENABLE_USER_SCRIPT_SANDBOXING = YES;
				GCC_C_LANGUAGE_STANDARD = gnu17;
				GCC_NO_COMMON_BLOCKS = YES;
				GCC_WARN_64_TO_32_BIT_CONVERSION = YES;
				GCC_WARN_ABOUT_RETURN_TYPE = YES_ERROR;
				GCC_WARN_UNDECLARED_SELECTOR = YES;
				GCC_WARN_UNINITIALIZED_AUTOS = YES_AGGRESSIVE;
				GCC_WARN_UNUSED_FUNCTION = YES;
				GCC_WARN_UNUSED_VARIABLE = YES;
				IPHONEOS_DEPLOYMENT_TARGET = 17.4;
				LOCALIZATION_PREFERS_STRING_CATALOGS = YES;
				MTL_ENABLE_DEBUG_INFO = NO;
				MTL_FAST_MATH = YES;
				SDKROOT = iphoneos;
				SWIFT_COMPILATION_MODE = wholemodule;
				VALIDATE_PRODUCT = YES;
			};
			name = Release;
		};
		D21DC1C22BA6244100527EB7 /* Debug */ = {
			isa = XCBuildConfiguration;
			buildSettings = {
				ASSETCATALOG_COMPILER_APPICON_NAME = AppIcon;
				ASSETCATALOG_COMPILER_GLOBAL_ACCENT_COLOR_NAME = AccentColor;
				CODE_SIGN_STYLE = Automatic;
				CURRENT_PROJECT_VERSION = 1;
				DEVELOPMENT_ASSET_PATHS = "\"CauseMate/Preview Content\"";
				ENABLE_PREVIEWS = YES;
				GENERATE_INFOPLIST_FILE = YES;
				INFOPLIST_KEY_UIApplicationSceneManifest_Generation = YES;
				INFOPLIST_KEY_UIApplicationSupportsIndirectInputEvents = YES;
				INFOPLIST_KEY_UILaunchScreen_Generation = YES;
				INFOPLIST_KEY_UISupportedInterfaceOrientations_iPad = "UIInterfaceOrientationPortrait UIInterfaceOrientationPortraitUpsideDown UIInterfaceOrientationLandscapeLeft UIInterfaceOrientationLandscapeRight";
				INFOPLIST_KEY_UISupportedInterfaceOrientations_iPhone = "UIInterfaceOrientationPortrait UIInterfaceOrientationLandscapeLeft UIInterfaceOrientationLandscapeRight";
				LD_RUNPATH_SEARCH_PATHS = (
					"$(inherited)",
					"@executable_path/Frameworks",
				);
				MARKETING_VERSION = 1.0;
				PRODUCT_BUNDLE_IDENTIFIER = Noga.CauseMate;
				PRODUCT_NAME = "$(TARGET_NAME)";
				SWIFT_EMIT_LOC_STRINGS = YES;
				SWIFT_VERSION = 5.0;
				TARGETED_DEVICE_FAMILY = "1,2";
			};
			name = Debug;
		};
		D21DC1C32BA6244100527EB7 /* Release */ = {
			isa = XCBuildConfiguration;
			buildSettings = {
				ASSETCATALOG_COMPILER_APPICON_NAME = AppIcon;
				ASSETCATALOG_COMPILER_GLOBAL_ACCENT_COLOR_NAME = AccentColor;
				CODE_SIGN_STYLE = Automatic;
				CURRENT_PROJECT_VERSION = 1;
				DEVELOPMENT_ASSET_PATHS = "\"CauseMate/Preview Content\"";
				ENABLE_PREVIEWS = YES;
				GENERATE_INFOPLIST_FILE = YES;
				INFOPLIST_KEY_UIApplicationSceneManifest_Generation = YES;
				INFOPLIST_KEY_UIApplicationSupportsIndirectInputEvents = YES;
				INFOPLIST_KEY_UILaunchScreen_Generation = YES;
				INFOPLIST_KEY_UISupportedInterfaceOrientations_iPad = "UIInterfaceOrientationPortrait UIInterfaceOrientationPortraitUpsideDown UIInterfaceOrientationLandscapeLeft UIInterfaceOrientationLandscapeRight";
				INFOPLIST_KEY_UISupportedInterfaceOrientations_iPhone = "UIInterfaceOrientationPortrait UIInterfaceOrientationLandscapeLeft UIInterfaceOrientationLandscapeRight";
				LD_RUNPATH_SEARCH_PATHS = (
					"$(inherited)",
					"@executable_path/Frameworks",
				);
				MARKETING_VERSION = 1.0;
				PRODUCT_BUNDLE_IDENTIFIER = Noga.CauseMate;
				PRODUCT_NAME = "$(TARGET_NAME)";
				SWIFT_EMIT_LOC_STRINGS = YES;
				SWIFT_VERSION = 5.0;
				TARGETED_DEVICE_FAMILY = "1,2";
			};
			name = Release;
		};
/* End XCBuildConfiguration section */

/* Begin XCConfigurationList section */
		D21DC1AE2BA6243B00527EB7 /* Build configuration list for PBXProject "CauseMate" */ = {
			isa = XCConfigurationList;
			buildConfigurations = (
				D21DC1BF2BA6244100527EB7 /* Debug */,
				D21DC1C02BA6244100527EB7 /* Release */,
			);
			defaultConfigurationIsVisible = 0;
			defaultConfigurationName = Release;
		};
		D21DC1C12BA6244100527EB7 /* Build configuration list for PBXNativeTarget "CauseMate" */ = {
			isa = XCConfigurationList;
			buildConfigurations = (
				D21DC1C22BA6244100527EB7 /* Debug */,
				D21DC1C32BA6244100527EB7 /* Release */,
			);
			defaultConfigurationIsVisible = 0;
			defaultConfigurationName = Release;
		};
/* End XCConfigurationList section */

/* Begin XCRemoteSwiftPackageReference section */
		D21DC1C62BA625E300527EB7 /* XCRemoteSwiftPackageReference "firebase-ios-sdk" */ = {
			isa = XCRemoteSwiftPackageReference;
			repositoryURL = "https://github.com/firebase/firebase-ios-sdk.git";
			requirement = {
				kind = upToNextMajorVersion;
				minimumVersion = 10.22.1;
			};
		};
/* End XCRemoteSwiftPackageReference section */

/* Begin XCSwiftPackageProductDependency section */
		D21DC1C82BA6260C00527EB7 /* FirebaseAnalytics */ = {
			isa = XCSwiftPackageProductDependency;
			package = D21DC1C62BA625E300527EB7 /* XCRemoteSwiftPackageReference "firebase-ios-sdk" */;
			productName = FirebaseAnalytics;
		};
		D21DC1CA2BA6260C00527EB7 /* FirebaseAnalyticsOnDeviceConversion */ = {
			isa = XCSwiftPackageProductDependency;
			package = D21DC1C62BA625E300527EB7 /* XCRemoteSwiftPackageReference "firebase-ios-sdk" */;
			productName = FirebaseAnalyticsOnDeviceConversion;
		};
		D21DC1CC2BA6260C00527EB7 /* FirebaseAnalyticsSwift */ = {
			isa = XCSwiftPackageProductDependency;
			package = D21DC1C62BA625E300527EB7 /* XCRemoteSwiftPackageReference "firebase-ios-sdk" */;
			productName = FirebaseAnalyticsSwift;
		};
		D21DC1CE2BA6260C00527EB7 /* FirebaseAnalyticsWithoutAdIdSupport */ = {
			isa = XCSwiftPackageProductDependency;
			package = D21DC1C62BA625E300527EB7 /* XCRemoteSwiftPackageReference "firebase-ios-sdk" */;
			productName = FirebaseAnalyticsWithoutAdIdSupport;
		};
		D21DC1D02BA6260C00527EB7 /* FirebaseAppCheck */ = {
			isa = XCSwiftPackageProductDependency;
			package = D21DC1C62BA625E300527EB7 /* XCRemoteSwiftPackageReference "firebase-ios-sdk" */;
			productName = FirebaseAppCheck;
		};
		D21DC1D22BA6260C00527EB7 /* FirebaseAppDistribution-Beta */ = {
			isa = XCSwiftPackageProductDependency;
			package = D21DC1C62BA625E300527EB7 /* XCRemoteSwiftPackageReference "firebase-ios-sdk" */;
			productName = "FirebaseAppDistribution-Beta";
		};
		D21DC1D42BA6260C00527EB7 /* FirebaseAuth */ = {
			isa = XCSwiftPackageProductDependency;
			package = D21DC1C62BA625E300527EB7 /* XCRemoteSwiftPackageReference "firebase-ios-sdk" */;
			productName = FirebaseAuth;
		};
		D21DC1D62BA6260C00527EB7 /* FirebaseAuthCombine-Community */ = {
			isa = XCSwiftPackageProductDependency;
			package = D21DC1C62BA625E300527EB7 /* XCRemoteSwiftPackageReference "firebase-ios-sdk" */;
			productName = "FirebaseAuthCombine-Community";
		};
		D21DC1D82BA6260C00527EB7 /* FirebaseCrashlytics */ = {
			isa = XCSwiftPackageProductDependency;
			package = D21DC1C62BA625E300527EB7 /* XCRemoteSwiftPackageReference "firebase-ios-sdk" */;
			productName = FirebaseCrashlytics;
		};
		D21DC1DA2BA6260C00527EB7 /* FirebaseDatabase */ = {
			isa = XCSwiftPackageProductDependency;
			package = D21DC1C62BA625E300527EB7 /* XCRemoteSwiftPackageReference "firebase-ios-sdk" */;
			productName = FirebaseDatabase;
		};
		D21DC1DC2BA6260C00527EB7 /* FirebaseDatabaseSwift */ = {
			isa = XCSwiftPackageProductDependency;
			package = D21DC1C62BA625E300527EB7 /* XCRemoteSwiftPackageReference "firebase-ios-sdk" */;
			productName = FirebaseDatabaseSwift;
		};
		D21DC1DE2BA6260C00527EB7 /* FirebaseDynamicLinks */ = {
			isa = XCSwiftPackageProductDependency;
			package = D21DC1C62BA625E300527EB7 /* XCRemoteSwiftPackageReference "firebase-ios-sdk" */;
			productName = FirebaseDynamicLinks;
		};
		D21DC1E02BA6260D00527EB7 /* FirebaseFirestore */ = {
			isa = XCSwiftPackageProductDependency;
			package = D21DC1C62BA625E300527EB7 /* XCRemoteSwiftPackageReference "firebase-ios-sdk" */;
			productName = FirebaseFirestore;
		};
		D21DC1E22BA6260D00527EB7 /* FirebaseFirestoreCombine-Community */ = {
			isa = XCSwiftPackageProductDependency;
			package = D21DC1C62BA625E300527EB7 /* XCRemoteSwiftPackageReference "firebase-ios-sdk" */;
			productName = "FirebaseFirestoreCombine-Community";
		};
		D21DC1E42BA6260D00527EB7 /* FirebaseFirestoreSwift */ = {
			isa = XCSwiftPackageProductDependency;
			package = D21DC1C62BA625E300527EB7 /* XCRemoteSwiftPackageReference "firebase-ios-sdk" */;
			productName = FirebaseFirestoreSwift;
		};
		D21DC1E62BA6260D00527EB7 /* FirebaseFunctions */ = {
			isa = XCSwiftPackageProductDependency;
			package = D21DC1C62BA625E300527EB7 /* XCRemoteSwiftPackageReference "firebase-ios-sdk" */;
			productName = FirebaseFunctions;
		};
		D21DC1E82BA6260D00527EB7 /* FirebaseFunctionsCombine-Community */ = {
			isa = XCSwiftPackageProductDependency;
			package = D21DC1C62BA625E300527EB7 /* XCRemoteSwiftPackageReference "firebase-ios-sdk" */;
			productName = "FirebaseFunctionsCombine-Community";
		};
		D21DC1EA2BA6260D00527EB7 /* FirebaseInAppMessaging-Beta */ = {
			isa = XCSwiftPackageProductDependency;
			package = D21DC1C62BA625E300527EB7 /* XCRemoteSwiftPackageReference "firebase-ios-sdk" */;
			productName = "FirebaseInAppMessaging-Beta";
		};
		D21DC1EC2BA6260D00527EB7 /* FirebaseInAppMessagingSwift-Beta */ = {
			isa = XCSwiftPackageProductDependency;
			package = D21DC1C62BA625E300527EB7 /* XCRemoteSwiftPackageReference "firebase-ios-sdk" */;
			productName = "FirebaseInAppMessagingSwift-Beta";
		};
		D21DC1EE2BA6260D00527EB7 /* FirebaseInstallations */ = {
			isa = XCSwiftPackageProductDependency;
			package = D21DC1C62BA625E300527EB7 /* XCRemoteSwiftPackageReference "firebase-ios-sdk" */;
			productName = FirebaseInstallations;
		};
		D21DC1F02BA6260D00527EB7 /* FirebaseMessaging */ = {
			isa = XCSwiftPackageProductDependency;
			package = D21DC1C62BA625E300527EB7 /* XCRemoteSwiftPackageReference "firebase-ios-sdk" */;
			productName = FirebaseMessaging;
		};
		D21DC1F22BA6260D00527EB7 /* FirebaseMLModelDownloader */ = {
			isa = XCSwiftPackageProductDependency;
			package = D21DC1C62BA625E300527EB7 /* XCRemoteSwiftPackageReference "firebase-ios-sdk" */;
			productName = FirebaseMLModelDownloader;
		};
		D21DC1F42BA6260D00527EB7 /* FirebasePerformance */ = {
			isa = XCSwiftPackageProductDependency;
			package = D21DC1C62BA625E300527EB7 /* XCRemoteSwiftPackageReference "firebase-ios-sdk" */;
			productName = FirebasePerformance;
		};
		D21DC1F62BA6260D00527EB7 /* FirebaseRemoteConfig */ = {
			isa = XCSwiftPackageProductDependency;
			package = D21DC1C62BA625E300527EB7 /* XCRemoteSwiftPackageReference "firebase-ios-sdk" */;
			productName = FirebaseRemoteConfig;
		};
		D21DC1F82BA6260D00527EB7 /* FirebaseRemoteConfigSwift */ = {
			isa = XCSwiftPackageProductDependency;
			package = D21DC1C62BA625E300527EB7 /* XCRemoteSwiftPackageReference "firebase-ios-sdk" */;
			productName = FirebaseRemoteConfigSwift;
		};
		D21DC1FA2BA6260D00527EB7 /* FirebaseStorage */ = {
			isa = XCSwiftPackageProductDependency;
			package = D21DC1C62BA625E300527EB7 /* XCRemoteSwiftPackageReference "firebase-ios-sdk" */;
			productName = FirebaseStorage;
		};
		D21DC1FC2BA6260D00527EB7 /* FirebaseStorageCombine-Community */ = {
			isa = XCSwiftPackageProductDependency;
			package = D21DC1C62BA625E300527EB7 /* XCRemoteSwiftPackageReference "firebase-ios-sdk" */;
			productName = "FirebaseStorageCombine-Community";
		};
/* End XCSwiftPackageProductDependency section */
	};
	rootObject = D21DC1AB2BA6243B00527EB7 /* Project object */;
}
